
Microsoft Visual Studio Solution File, Format Version 12.00
# Visual Studio Version 17
VisualStudioVersion = 17.0.31903.59
MinimumVisualStudioVersion = 10.0.40219.1
Project("{FAE04EC0-301F-11D3-BF4B-00C04F79EFBC}") = "Lang", "Lang\Lang.csproj", "{3E49C124-A894-493A-9C21-2FBA0B486337}"
EndProject
Project("{FAE04EC0-301F-11D3-BF4B-00C04F79EFBC}") = "Lang.Tests", "Lang.Tests\Lang.Tests.csproj", "{D7A2887A-2911-4F47-9E22-5E89FAC72A7E}"
EndProject
Project("{FAE04EC0-301F-11D3-BF4B-00C04F79EFBC}") = "Lang.REPL", "Lang.REPL\Lang.REPL.csproj", "{E0C465A7-0D0A-45D5-9FC9-4B76137BF6E8}"
EndProject
Global
	GlobalSection(SolutionConfigurationPlatforms) = preSolution
		Debug|Any CPU = Debug|Any CPU
		Release|Any CPU = Release|Any CPU
	EndGlobalSection
	GlobalSection(SolutionProperties) = preSolution
		HideSolutionNode = FALSE
	EndGlobalSection
	GlobalSection(ProjectConfigurationPlatforms) = postSolution
		{3E49C124-A894-493A-9C21-2FBA0B486337}.Debug|Any CPU.ActiveCfg = Debug|Any CPU
		{3E49C124-A894-493A-9C21-2FBA0B486337}.Debug|Any CPU.Build.0 = Debug|Any CPU
		{3E49C124-A894-493A-9C21-2FBA0B486337}.Release|Any CPU.ActiveCfg = Release|Any CPU
		{3E49C124-A894-493A-9C21-2FBA0B486337}.Release|Any CPU.Build.0 = Release|Any CPU
		{D7A2887A-2911-4F47-9E22-5E89FAC72A7E}.Debug|Any CPU.ActiveCfg = Debug|Any CPU
		{D7A2887A-2911-4F47-9E22-5E89FAC72A7E}.Debug|Any CPU.Build.0 = Debug|Any CPU
		{D7A2887A-2911-4F47-9E22-5E89FAC72A7E}.Release|Any CPU.ActiveCfg = Release|Any CPU
		{D7A2887A-2911-4F47-9E22-5E89FAC72A7E}.Release|Any CPU.Build.0 = Release|Any CPU
		{E0C465A7-0D0A-45D5-9FC9-4B76137BF6E8}.Debug|Any CPU.ActiveCfg = Debug|Any CPU
		{E0C465A7-0D0A-45D5-9FC9-4B76137BF6E8}.Debug|Any CPU.Build.0 = Debug|Any CPU
		{E0C465A7-0D0A-45D5-9FC9-4B76137BF6E8}.Release|Any CPU.ActiveCfg = Release|Any CPU
		{E0C465A7-0D0A-45D5-9FC9-4B76137BF6E8}.Release|Any CPU.Build.0 = Release|Any CPU
	EndGlobalSection
EndGlobal
